Microsoft Visual Studio Solution File, Format Version 11.00
# Visual Studio 2008

Project("{3B06BE56-3AB7-866E-3C8D-6877B77500EF}") = "office_lex", "Assembly-CSharp-firstpass.csproj", "{C6E4612B-DBAE-AA13-0845-BA667F03F3B9}"
EndProject
Project("{3B06BE56-3AB7-866E-3C8D-6877B77500EF}") = "office_lex", "Assembly-CSharp.csproj", "{963CC153-1305-22F7-FD42-D619D2E8BCDD}"
EndProject
Project("{3B06BE56-3AB7-866E-3C8D-6877B77500EF}") = "office_lex", "Assembly-CSharp-Editor.csproj", "{45C0E8E4-0B64-F2D0-0349-446E81047D88}"
EndProject
Global
	GlobalSection(SolutionConfigurationPlatforms) = preSolution
		Debug|Any CPU = Debug|Any CPU
		Release|Any CPU = Release|Any CPU
	EndGlobalSection
	GlobalSection(ProjectConfigurationPlatforms) = postSolution
		{C6E4612B-DBAE-AA13-0845-BA667F03F3B9}.Debug|Any CPU.ActiveCfg = Debug|Any CPU
		{C6E4612B-DBAE-AA13-0845-BA667F03F3B9}.Debug|Any CPU.Build.0 = Debug|Any CPU
		{C6E4612B-DBAE-AA13-0845-BA667F03F3B9}.Release|Any CPU.ActiveCfg = Release|Any CPU
		{C6E4612B-DBAE-AA13-0845-BA667F03F3B9}.Release|Any CPU.Build.0 = Release|Any CPU
		{963CC153-1305-22F7-FD42-D619D2E8BCDD}.Debug|Any CPU.ActiveCfg = Debug|Any CPU
		{963CC153-1305-22F7-FD42-D619D2E8BCDD}.Debug|Any CPU.Build.0 = Debug|Any CPU
		{963CC153-1305-22F7-FD42-D619D2E8BCDD}.Release|Any CPU.ActiveCfg = Release|Any CPU
		{963CC153-1305-22F7-FD42-D619D2E8BCDD}.Release|Any CPU.Build.0 = Release|Any CPU
		{45C0E8E4-0B64-F2D0-0349-446E81047D88}.Debug|Any CPU.ActiveCfg = Debug|Any CPU
		{45C0E8E4-0B64-F2D0-0349-446E81047D88}.Debug|Any CPU.Build.0 = Debug|Any CPU
		{45C0E8E4-0B64-F2D0-0349-446E81047D88}.Release|Any CPU.ActiveCfg = Release|Any CPU
		{45C0E8E4-0B64-F2D0-0349-446E81047D88}.Release|Any CPU.Build.0 = Release|Any CPU
	EndGlobalSection
	GlobalSection(SolutionProperties) = preSolution
		HideSolutionNode = FALSE
	EndGlobalSection
	GlobalSection(MonoDevelopProperties) = preSolution
		StartupItem = Assembly-CSharp.csproj
	EndGlobalSection
EndGlobal
